lockfileVersion: '9.0'

settings:
  autoInstallPeers: true
  excludeLinksFromLockfile: false

importers:

  .:
    dependencies:
      pnpm:
        specifier: 10.4.1
        version: 10.4.1

packages:

  pnpm@10.4.1:
    resolution: {integrity: sha512-x1O2w616+hOvOI+m2AgDWgCOMOqZk/WMZmPivF/yFnmqg02wlJhxKapNSIuG31f3tjSYGy+CfNysxpjMDPuIrw==}
    engines: {node: '>=18.12'}
    hasBin: true

snapshots:

  pnpm@10.4.1: {}
